# @generated by Move, please check-in and do not edit manually.

[move]
version = 2
manifest_digest = "5C00BCD96556893FCE1A8581DD67BB8BEFA8139BEB91FC9A032030A132103A34"
deps_digest = "F8BBB0CCB2491CA29A3DF03D6F92277A4F3574266507ACD77214D37ECA3F3082"
dependencies = [
  { name = "Sui" },
]

[[move.package]]
name = "MoveStdlib"
source = { git = "https://github.com/MystenLabs/sui.git", rev = "framework/testnet", subdir = "crates/sui-framework/packages/move-stdlib" }

[[move.package]]
name = "Sui"
source = { git = "https://github.com/MystenLabs/sui.git", rev = "framework/testnet", subdir = "crates/sui-framework/packages/sui-framework" }

dependencies = [
  { name = "MoveStdlib" },
]

[move.toolchain-version]
compiler-version = "1.24.0"
edition = "2024.beta"
flavor = "sui"

[env]

[env.testnet]
chain-id = "4c78adac"
original-published-id = "0xa0a107fe48d58ac84b12a4668df8ae84bb12b140d72018b9f8289e5d849df86b"
latest-published-id = "0xa0a107fe48d58ac84b12a4668df8ae84bb12b140d72018b9f8289e5d849df86b"
published-version = "1"
